
Microsoft Visual Studio Solution File, Format Version 12.00
# Visual Studio Version 17
VisualStudioVersion = 17.9.34616.47
MinimumVisualStudioVersion = 10.0.40219.1
Project("{9A19103F-16F7-4668-BE54-9A1E7A4F7556}") = "EmployeeHRManagementSystem", "EmployeeHRManagementSystem\EmployeeHRManagementSystem.csproj", "{262DC121-6A56-44F5-9918-DD38BA1CF6C0}"
EndProject
Global
	GlobalSection(SolutionConfigurationPlatforms) = preSolution
		Debug|Any CPU = Debug|Any CPU
		Release|Any CPU = Release|Any CPU
	EndGlobalSection
	GlobalSection(ProjectConfigurationPlatforms) = postSolution
		{262DC121-6A56-44F5-9918-DD38BA1CF6C0}.Debug|Any CPU.ActiveCfg = Debug|Any CPU
		{262DC121-6A56-44F5-9918-DD38BA1CF6C0}.Debug|Any CPU.Build.0 = Debug|Any CPU
		{262DC121-6A56-44F5-9918-DD38BA1CF6C0}.Release|Any CPU.ActiveCfg = Release|Any CPU
		{262DC121-6A56-44F5-9918-DD38BA1CF6C0}.Release|Any CPU.Build.0 = Release|Any CPU
	EndGlobalSection
	GlobalSection(SolutionProperties) = preSolution
		HideSolutionNode = FALSE
	EndGlobalSection
	GlobalSection(ExtensibilityGlobals) = postSolution
		SolutionGuid = {A2DFA79E-1DF3-4735-A2FF-E38AFFBCEA9F}
	EndGlobalSection
EndGlobal
